
Microsoft Visual Studio Solution File, Format Version 12.00
# Visual Studio Version 17
VisualStudioVersion = 17.5.33627.172
MinimumVisualStudioVersion = 10.0.40219.1
Project("{FAE04EC0-301F-11D3-BF4B-00C04F79EFBC}") = "UserManagement", "UserManagement.csproj", "{DF296A42-5534-4CC2-A6CD-951E10BBB88E}"
EndProject
Global
	GlobalSection(SolutionConfigurationPlatforms) = preSolution
		Debug|Any CPU = Debug|Any CPU
		Release|Any CPU = Release|Any CPU
	EndGlobalSection
	GlobalSection(ProjectConfigurationPlatforms) = postSolution
		{DF296A42-5534-4CC2-A6CD-951E10BBB88E}.Debug|Any CPU.ActiveCfg = Debug|Any CPU
		{DF296A42-5534-4CC2-A6CD-951E10BBB88E}.Debug|Any CPU.Build.0 = Debug|Any CPU
		{DF296A42-5534-4CC2-A6CD-951E10BBB88E}.Release|Any CPU.ActiveCfg = Release|Any CPU
		{DF296A42-5534-4CC2-A6CD-951E10BBB88E}.Release|Any CPU.Build.0 = Release|Any CPU
	EndGlobalSection
	GlobalSection(SolutionProperties) = preSolution
		HideSolutionNode = FALSE
	EndGlobalSection
	GlobalSection(ExtensibilityGlobals) = postSolution
		SolutionGuid = {DCA7728F-E40C-4C31-9054-C9B07B372642}
	EndGlobalSection
EndGlobal
